{
  "lockfileVersion": 1,
  "configVersion": 1,
  "workspaces": {
    "": {
      "name": "acolyte",
      "dependencies": {
        "@ai-sdk/anthropic": "^3.0.64",
        "@ai-sdk/google": "^3.0.53",
        "@ai-sdk/openai": "^3.0.48",
        "@ai-sdk/provider": "^3.0.8",
        "@ast-grep/lang-go": "^0.0.6",
        "@ast-grep/lang-python": "^0.0.6",
        "@ast-grep/lang-rust": "^0.0.7",
        "@ast-grep/napi": "^0.42.0",
        "react": "^19.2.4",
        "react-reconciler": "^0.33.0",
        "tiktoken": "^1.0.22",
        "zod": "^4.3.6",
      },
      "devDependencies": {
        "@biomejs/biome": "^2.4.8",
        "@types/bun": "^1.3.11",
        "@types/node": "^25.5.0",
        "@types/react": "^19.2.14",
        "@types/react-reconciler": "^0.33.0",
        "typescript": "^6.0.2",
      },
      "optionalDependencies": {
        "pgvector": "^0.2.0",
        "postgres": "^3.4.7",
      },
    },
  },
  "packages": {
    "@ai-sdk/anthropic": ["@ai-sdk/anthropic@3.0.64", "", { "dependencies": { "@ai-sdk/provider": "3.0.8", "@ai-sdk/provider-utils": "4.0.21" }, "peerDependencies": { "zod": "^3.25.76 || ^4.1.8" } }, "sha512-rwLi/Rsuj2pYniQXIrvClHvXDzgM4UQHHnvHTWEF14efnlKclG/1ghpNC+adsRujAbCTr6gRsSbDE2vEqriV7g=="],

    "@ai-sdk/google": ["@ai-sdk/google@3.0.53", "", { "dependencies": { "@ai-sdk/provider": "3.0.8", "@ai-sdk/provider-utils": "4.0.21" }, "peerDependencies": { "zod": "^3.25.76 || ^4.1.8" } }, "sha512-uz8tIlkDgQJG9Js2Wh9JHzd4kI9+hYJqf9XXJLx60vyN5mRIqhr49iwR5zGP5Gl8odp2PeR3Gh2k+5bh3Z1HHw=="],

    "@ai-sdk/openai": ["@ai-sdk/openai@3.0.48", "", { "dependencies": { "@ai-sdk/provider": "3.0.8", "@ai-sdk/provider-utils": "4.0.21" }, "peerDependencies": { "zod": "^3.25.76 || ^4.1.8" } }, "sha512-ALmj/53EXpcRqMbGpPJPP4UOSWw0q4VGpnDo7YctvsynjkrKDmoneDG/1a7VQnSPYHnJp6tTRMf5ZdxZ5whulg=="],

    "@ai-sdk/provider": ["@ai-sdk/provider@3.0.8", "", { "dependencies": { "json-schema": "^0.4.0" } }, "sha512-oGMAgGoQdBXbZqNG0Ze56CHjDZ1IDYOwGYxYjO5KLSlz5HiNQ9udIXsPZ61VWaHGZ5XW/jyjmr6t2xz2jGVwbQ=="],

    "@ai-sdk/provider-utils": ["@ai-sdk/provider-utils@4.0.21", "", { "dependencies": { "@ai-sdk/provider": "3.0.8", "@standard-schema/spec": "^1.1.0", "eventsource-parser": "^3.0.6" }, "peerDependencies": { "zod": "^3.25.76 || ^4.1.8" } }, "sha512-MtFUYI1/8mgDvRmaBDjbLJPFFrMG777AvSgyIFQtZHIMzm88R/12vYBBpnk7pfiWLFE1DSZzY4WDYzGbKAcmiw=="],

    "@ast-grep/lang-go": ["@ast-grep/lang-go@0.0.6", "", { "dependencies": { "@ast-grep/setup-lang": "0.0.6" }, "peerDependencies": { "tree-sitter-cli": "0.25.8" }, "optionalPeers": ["tree-sitter-cli"] }, "sha512-PZap9Rp6t+YKbLjRnFRF5aGBX3/HV9s5Rp7ZPsCM+o3tlTZDo1IqDYnFu+Oeh5Razs2U8K8ccPSJ+GBxalVhWg=="],

    "@ast-grep/lang-python": ["@ast-grep/lang-python@0.0.6", "", { "dependencies": { "@ast-grep/setup-lang": "0.0.6" }, "peerDependencies": { "tree-sitter-cli": "0.25.8" }, "optionalPeers": ["tree-sitter-cli"] }, "sha512-eF/bEBspmrxdVuPNihvZDyyJx5qtIpGEMz9l1nNQmrji7NZcUiRNC8WwzYyQCBdy1mj8HZ0Tn4I2q3gp/6Bkiw=="],

    "@ast-grep/lang-rust": ["@ast-grep/lang-rust@0.0.7", "", { "dependencies": { "@ast-grep/setup-lang": "0.0.6" }, "peerDependencies": { "tree-sitter-cli": "0.25.8" }, "optionalPeers": ["tree-sitter-cli"] }, "sha512-CF6jv8XmlVQgr/pFKADM87EkoGiHIrHKsG1wcX2iqgdBX5kW8wH+Zd4GP6SMme2eZogD49f19vRoRTF44iZqzg=="],

    "@ast-grep/napi": ["@ast-grep/napi@0.42.0", "", { "optionalDependencies": { "@ast-grep/napi-darwin-arm64": "0.42.0", "@ast-grep/napi-darwin-x64": "0.42.0", "@ast-grep/napi-linux-arm64-gnu": "0.42.0", "@ast-grep/napi-linux-arm64-musl": "0.42.0", "@ast-grep/napi-linux-x64-gnu": "0.42.0", "@ast-grep/napi-linux-x64-musl": "0.42.0", "@ast-grep/napi-win32-arm64-msvc": "0.42.0", "@ast-grep/napi-win32-ia32-msvc": "0.42.0", "@ast-grep/napi-win32-x64-msvc": "0.42.0" } }, "sha512-f3DAjeC657EqbWN2In+girgbpvnKMV77bONyhuezXK4XQtvbGCB55u3CnNvQv6EP0caIBTtDHqO5CVyO6qY4LQ=="],

    "@ast-grep/napi-darwin-arm64": ["@ast-grep/napi-darwin-arm64@0.42.0", "", { "os": "darwin", "cpu": "arm64" }, "sha512-HOPvjsrsASvfkRJGCd/++KZvfDCtBx6v8DKTEzzlc6fQJlhiRMPKe8T4d5I2T2rgV5pHsyJLSBLqEK7m346NTw=="],

    "@ast-grep/napi-darwin-x64": ["@ast-grep/napi-darwin-x64@0.42.0", "", { "os": "darwin", "cpu": "x64" }, "sha512-q3jt+a6kDbXgbCSuIqaxjgLbTCDYGE2yb1o6metpsGbW+xVZR4ATYMJ8izyYhn2sQungTfUNn2/vo/2Bhbvpxg=="],

    "@ast-grep/napi-linux-arm64-gnu": ["@ast-grep/napi-linux-arm64-gnu@0.42.0", "", { "os": "linux", "cpu": "arm64" }, "sha512-+e2ThyRiBZATlcdgfrD7uYy9oWVS6/AdUTnC3xOwR+lCz80lr87kmcmeK6XN6hBwaqncBBkKV3ECMA8ibZPUZA=="],

    "@ast-grep/napi-linux-arm64-musl": ["@ast-grep/napi-linux-arm64-musl@0.42.0", "", { "os": "linux", "cpu": "arm64" }, "sha512-f/oW3KaHuOMuBkCcvI6R71xM9SvkdUVKHhbJEtBFo5D1j6CjY9ipWdjlk9mOJ2KLLM6uYdjjvkJkBPlPuFTukg=="],

    "@ast-grep/napi-linux-x64-gnu": ["@ast-grep/napi-linux-x64-gnu@0.42.0", "", { "os": "linux", "cpu": "x64" }, "sha512-y9T/Tm6V6zkmcAJlWXUO0ACYLSlk5o5NVU+AYun7NzDWIM86Y3lnoDF5WxeZKonVoaGAnkCXVlNH8Tsr/NTQWw=="],

    "@ast-grep/napi-linux-x64-musl": ["@ast-grep/napi-linux-x64-musl@0.42.0", "", { "os": "linux", "cpu": "x64" }, "sha512-t1PwL6YweDL63QDK3TC9QTKROcVgN4XoMxlp/zN2NYvCUM90mSvqh/Py/ouchzluHaqCzEeEp9089WFEDWwQOA=="],

    "@ast-grep/napi-win32-arm64-msvc": ["@ast-grep/napi-win32-arm64-msvc@0.42.0", "", { "os": "win32", "cpu": "arm64" }, "sha512-bxKLXF1JmU33BoJKrbWcGsG7Xmk2zCQaUjmeHrxhgBhg2w2zo3CSf5S6DOyOp13hefgLXBLn6oXNzXgqpX/+lA=="],

    "@ast-grep/napi-win32-ia32-msvc": ["@ast-grep/napi-win32-ia32-msvc@0.42.0", "", { "os": "win32", "cpu": "ia32" }, "sha512-+/XbHDN+558rXwB2BylWPHj/cczRGDKivToHS2120TGQePmUetspu93wltqzAD7SVJnBILc2sEK1T1/jutZEvw=="],

    "@ast-grep/napi-win32-x64-msvc": ["@ast-grep/napi-win32-x64-msvc@0.42.0", "", { "os": "win32", "cpu": "x64" }, "sha512-/5PTpk7EFuqwdJyKleX2gPztL5j73Nq/cdkEJQq1Fbx+ze+UM75JniW3D7J7WZygN58+EN9DAxpc2QOlK32urQ=="],

    "@ast-grep/setup-lang": ["@ast-grep/setup-lang@0.0.6", "", {}, "sha512-aSYZNF5nGQMxnwiA3Lcc8zi0AtpGlug47ADgqCgP/2n7p922FbnW7vo1rbW4kKjW72B/3mDdN7uvYidv8JnPnw=="],

    "@biomejs/biome": ["@biomejs/biome@2.4.8", "", { "optionalDependencies": { "@biomejs/cli-darwin-arm64": "2.4.8", "@biomejs/cli-darwin-x64": "2.4.8", "@biomejs/cli-linux-arm64": "2.4.8", "@biomejs/cli-linux-arm64-musl": "2.4.8", "@biomejs/cli-linux-x64": "2.4.8", "@biomejs/cli-linux-x64-musl": "2.4.8", "@biomejs/cli-win32-arm64": "2.4.8", "@biomejs/cli-win32-x64": "2.4.8" }, "bin": { "biome": "bin/biome" } }, "sha512-ponn0oKOky1oRXBV+rlSaUlixUxf1aZvWC19Z41zBfUOUesthrQqL3OtiAlSB1EjFjyWpn98Q64DHelhA6jNlA=="],

    "@biomejs/cli-darwin-arm64": ["@biomejs/cli-darwin-arm64@2.4.8", "", { "os": "darwin", "cpu": "arm64" }, "sha512-ARx0tECE8I7S2C2yjnWYLNbBdDoPdq3oyNLhMglmuctThwUsuzFWRKrHmIGwIRWKz0Mat9DuzLEDp52hGnrxGQ=="],

    "@biomejs/cli-darwin-x64": ["@biomejs/cli-darwin-x64@2.4.8", "", { "os": "darwin", "cpu": "x64" }, "sha512-Jg9/PsB9vDCJlANE8uhG7qDhb5w0Ix69D7XIIc8IfZPUoiPrbLm33k2Ig3NOJ/7nb3UbesFz3D1aDKm9DvzjhQ=="],

    "@biomejs/cli-linux-arm64": ["@biomejs/cli-linux-arm64@2.4.8", "", { "os": "linux", "cpu": "arm64" }, "sha512-5CdrsJct76XG2hpKFwXnEtlT1p+4g4yV+XvvwBpzKsTNLO9c6iLlAxwcae2BJ7ekPGWjNGw9j09T5KGPKKxQig=="],

    "@biomejs/cli-linux-arm64-musl": ["@biomejs/cli-linux-arm64-musl@2.4.8", "", { "os": "linux", "cpu": "arm64" }, "sha512-Zo9OhBQDJ3IBGPlqHiTISloo5H0+FBIpemqIJdW/0edJ+gEcLR+MZeZozcUyz3o1nXkVA7++DdRKQT0599j9jA=="],

    "@biomejs/cli-linux-x64": ["@biomejs/cli-linux-x64@2.4.8", "", { "os": "linux", "cpu": "x64" }, "sha512-PdKXspVEaMCQLjtZCn6vfSck/li4KX9KGwSDbZdgIqlrizJ2MnMcE3TvHa2tVfXNmbjMikzcfJpuPWH695yJrw=="],

    "@biomejs/cli-linux-x64-musl": ["@biomejs/cli-linux-x64-musl@2.4.8", "", { "os": "linux", "cpu": "x64" }, "sha512-Gi8quv8MEuDdKaPFtS2XjEnMqODPsRg6POT6KhoP+VrkNb+T2ywunVB+TvOU0LX1jAZzfBr+3V1mIbBhzAMKvw=="],

    "@biomejs/cli-win32-arm64": ["@biomejs/cli-win32-arm64@2.4.8", "", { "os": "win32", "cpu": "arm64" }, "sha512-LoFatS0tnHv6KkCVpIy3qZCih+MxUMvdYiPWLHRri7mhi2vyOOs8OrbZBcLTUEWCS+ktO72nZMy4F96oMhkOHQ=="],

    "@biomejs/cli-win32-x64": ["@biomejs/cli-win32-x64@2.4.8", "", { "os": "win32", "cpu": "x64" }, "sha512-vAn7iXDoUbqFXqVocuq1sMYAd33p8+mmurqJkWl6CtIhobd/O6moe4rY5AJvzbunn/qZCdiDVcveqtkFh1e7Hg=="],

    "@standard-schema/spec": ["@standard-schema/spec@1.1.0", "", {}, "sha512-l2aFy5jALhniG5HgqrD6jXLi/rUWrKvqN/qJx6yoJsgKhblVd+iqqU4RCXavm/jPityDo5TCvKMnpjKnOriy0w=="],

    "@types/bun": ["@types/bun@1.3.11", "", { "dependencies": { "bun-types": "1.3.11" } }, "sha512-5vPne5QvtpjGpsGYXiFyycfpDF2ECyPcTSsFBMa0fraoxiQyMJ3SmuQIGhzPg2WJuWxVBoxWJ2kClYTcw/4fAg=="],

    "@types/node": ["@types/node@25.5.0", "", { "dependencies": { "undici-types": "~7.18.0" } }, "sha512-jp2P3tQMSxWugkCUKLRPVUpGaL5MVFwF8RDuSRztfwgN1wmqJeMSbKlnEtQqU8UrhTmzEmZdu2I6v2dpp7XIxw=="],

    "@types/react": ["@types/react@19.2.14", "", { "dependencies": { "csstype": "^3.2.2" } }, "sha512-ilcTH/UniCkMdtexkoCN0bI7pMcJDvmQFPvuPvmEaYA/NSfFTAgdUSLAoVjaRJm7+6PvcM+q1zYOwS4wTYMF9w=="],

    "@types/react-reconciler": ["@types/react-reconciler@0.33.0", "", { "peerDependencies": { "@types/react": "*" } }, "sha512-HZOXsKT0tGI9LlUw2LuedXsVeB88wFa536vVL0M6vE8zN63nI+sSr1ByxmPToP5K5bukaVscyeCJcF9guVNJ1g=="],

    "bun-types": ["bun-types@1.3.11", "", { "dependencies": { "@types/node": "*" } }, "sha512-1KGPpoxQWl9f6wcZh57LvrPIInQMn2TQ7jsgxqpRzg+l0QPOFvJVH7HmvHo/AiPgwXy+/Thf6Ov3EdVn1vOabg=="],

    "csstype": ["csstype@3.2.3", "", {}, "sha512-z1HGKcYy2xA8AGQfwrn0PAy+PB7X/GSj3UVJW9qKyn43xWa+gl5nXmU4qqLMRzWVLFC8KusUX8T/0kCiOYpAIQ=="],

    "eventsource-parser": ["eventsource-parser@3.0.6", "", {}, "sha512-Vo1ab+QXPzZ4tCa8SwIHJFaSzy4R6SHf7BY79rFBDf0idraZWAkYrDjDj8uWaSm3S2TK+hJ7/t1CEmZ7jXw+pg=="],

    "json-schema": ["json-schema@0.4.0", "", {}, "sha512-es94M3nTIfsEPisRafak+HDLfHXnKBhV3vU5eqPcS3flIWqcxJWgXHXiey3YrpaNsanY5ei1VoYEbOzijuq9BA=="],

    "pgvector": ["pgvector@0.2.1", "", {}, "sha512-nKaQY9wtuiidwLMdVIce1O3kL0d+FxrigCVzsShnoqzOSaWWWOvuctb/sYwlai5cTwwzRSNa+a/NtN2kVZGNJw=="],

    "postgres": ["postgres@3.4.9", "", {}, "sha512-GD3qdB0x1z9xgFI6cdRD6xu2Sp2WCOEoe3mtnyB5Ee0XrrL5Pe+e4CCnJrRMnL1zYtRDZmQQVbvOttLnKDLnaw=="],

    "react": ["react@19.2.4", "", {}, "sha512-9nfp2hYpCwOjAN+8TZFGhtWEwgvWHXqESH8qT89AT/lWklpLON22Lc8pEtnpsZz7VmawabSU0gCjnj8aC0euHQ=="],

    "react-reconciler": ["react-reconciler@0.33.0", "", { "dependencies": { "scheduler": "^0.27.0" }, "peerDependencies": { "react": "^19.2.0" } }, "sha512-KetWRytFv1epdpJc3J4G75I4WrplZE5jOL7Yq0p34+OVOKF4Se7WrdIdVC45XsSSmUTlht2FM/fM1FZb1mfQeA=="],

    "scheduler": ["scheduler@0.27.0", "", {}, "sha512-eNv+WrVbKu1f3vbYJT/xtiF5syA5HPIMtf9IgY/nKg0sWqzAUEvqY/xm7OcZc/qafLx/iO9FgOmeSAp4v5ti/Q=="],

    "tiktoken": ["tiktoken@1.0.22", "", {}, "sha512-PKvy1rVF1RibfF3JlXBSP0Jrcw2uq3yXdgcEXtKTYn3QJ/cBRBHDnrJ5jHky+MENZ6DIPwNUGWpkVx+7joCpNA=="],

    "typescript": ["typescript@6.0.2", "", { "bin": { "tsc": "bin/tsc", "tsserver": "bin/tsserver" } }, "sha512-bGdAIrZ0wiGDo5l8c++HWtbaNCWTS4UTv7RaTH/ThVIgjkveJt83m74bBHMJkuCbslY8ixgLBVZJIOiQlQTjfQ=="],

    "undici-types": ["undici-types@7.18.2", "", {}, "sha512-AsuCzffGHJybSaRrmr5eHr81mwJU3kjw6M+uprWvCXiNeN9SOGwQ3Jn8jb8m3Z6izVgknn1R0FTCEAP2QrLY/w=="],

    "zod": ["zod@4.3.6", "", {}, "sha512-rftlrkhHZOcjDwkGlnUtZZkvaPHCsDATp4pGpuOOMDaTdDDXF91wuVDJoWoPsKX/3YPQ5fHuF3STjcYyKr+Qhg=="],
  }
}
